// !$*UTF8*$!
{
	archiveVersion = 1;
	classes = {
	};
	objectVersion = 56;
	objects = {

/* Begin PBXBuildFile section */
		762D338C2BF527A200B34DB7 /* calendar_assistantApp.swift in Sources */ = {isa = PBXBuildFile; fileRef = 762D338B2BF527A200B34DB7 /* calendar_assistantApp.swift */; };
		762D338E2BF527A200B34DB7 /* ContentView.swift in Sources */ = {isa = PBXBuildFile; fileRef = 762D338D2BF527A200B34DB7 /* ContentView.swift */; };
		762D33902BF527A300B34DB7 /* Assets.xcassets in Resources */ = {isa = PBXBuildFile; fileRef = 762D338F2BF527A300B34DB7 /* Assets.xcassets */; };
		762D33932BF527A300B34DB7 /* Preview Assets.xcassets in Resources */ = {isa = PBXBuildFile; fileRef = 762D33922BF527A300B34DB7 /* Preview Assets.xcassets */; };
		762D339D2BF527A300B34DB7 /* calendar_assistantTests.swift in Sources */ = {isa = PBXBuildFile; fileRef = 762D339C2BF527A300B34DB7 /* calendar_assistantTests.swift */; };
		762D33A72BF527A300B34DB7 /* calendar_assistantUITests.swift in Sources */ = {isa = PBXBuildFile; fileRef = 762D33A62BF527A300B34DB7 /* calendar_assistantUITests.swift */; };
		762D33A92BF527A300B34DB7 /* calendar_assistantUITestsLaunchTests.swift in Sources */ = {isa = PBXBuildFile; fileRef = 762D33A82BF527A300B34DB7 /* calendar_assistantUITestsLaunchTests.swift */; };
		762D33B62BF558E100B34DB7 /* HomeView.swift in Sources */ = {isa = PBXBuildFile; fileRef = 762D33B52BF558E100B34DB7 /* HomeView.swift */; };
		762D33B82BF5590D00B34DB7 /* CalendarListView.swift in Sources */ = {isa = PBXBuildFile; fileRef = 762D33B72BF5590D00B34DB7 /* CalendarListView.swift */; };
		762D33BD2BF55B3E00B34DB7 /* CodeDataStack.swift in Sources */ = {isa = PBXBuildFile; fileRef = 762D33BC2BF55B3E00B34DB7 /* CodeDataStack.swift */; };
		762D33C72BF5603600B34DB7 /* DataModel.xcdatamodeld in Sources */ = {isa = PBXBuildFile; fileRef = 762D33C52BF5603600B34DB7 /* DataModel.xcdatamodeld */; };
		762D33CD2BF5633300B34DB7 /* AnniversaryViewModel.swift in Sources */ = {isa = PBXBuildFile; fileRef = 762D33CC2BF5633300B34DB7 /* AnniversaryViewModel.swift */; };
		762D33CF2BF5643600B34DB7 /* AddAnniversaryView.swift in Sources */ = {isa = PBXBuildFile; fileRef = 762D33CE2BF5643600B34DB7 /* AddAnniversaryView.swift */; };
		762D33D12BF5666600B34DB7 /* EventKitManager.swift in Sources */ = {isa = PBXBuildFile; fileRef = 762D33D02BF5666600B34DB7 /* EventKitManager.swift */; };
		762D33D32BF573F000B34DB7 /* CalendarView.swift in Sources */ = {isa = PBXBuildFile; fileRef = 762D33D22BF573F000B34DB7 /* CalendarView.swift */; };
/* End PBXBuildFile section */

/* Begin PBXContainerItemProxy section */
		762D33992BF527A300B34DB7 /* PBXContainerItemProxy */ = {
			isa = PBXContainerItemProxy;
			containerPortal = 762D33802BF527A200B34DB7 /* Project object */;
			proxyType = 1;
			remoteGlobalIDString = 762D33872BF527A200B34DB7;
			remoteInfo = "calendar assistant";
		};
		762D33A32BF527A300B34DB7 /* PBXContainerItemProxy */ = {
			isa = PBXContainerItemProxy;
			containerPortal = 762D33802BF527A200B34DB7 /* Project object */;
			proxyType = 1;
			remoteGlobalIDString = 762D33872BF527A200B34DB7;
			remoteInfo = "calendar assistant";
		};
/* End PBXContainerItemProxy section */

/* Begin PBXFileReference section */
		762D33882BF527A200B34DB7 /* calendar assistant.app */ = {isa = PBXFileReference; explicitFileType = wrapper.application; includeInIndex = 0; path = "calendar assistant.app"; sourceTree = BUILT_PRODUCTS_DIR; };
		762D338B2BF527A200B34DB7 /* calendar_assistantApp.swift */ = {isa = PBXFileReference; lastKnownFileType = sourcecode.swift; path = calendar_assistantApp.swift; sourceTree = "<group>"; };
		762D338D2BF527A200B34DB7 /* ContentView.swift */ = {isa = PBXFileReference; lastKnownFileType = sourcecode.swift; path = ContentView.swift; sourceTree = "<group>"; };
		762D338F2BF527A300B34DB7 /* Assets.xcassets */ = {isa = PBXFileReference; lastKnownFileType = folder.assetcatalog; path = Assets.xcassets; sourceTree = "<group>"; };
		762D33922BF527A300B34DB7 /* Preview Assets.xcassets */ = {isa = PBXFileReference; lastKnownFileType = folder.assetcatalog; path = "Preview Assets.xcassets"; sourceTree = "<group>"; };
		762D33982BF527A300B34DB7 /* calendar assistantTests.xctest */ = {isa = PBXFileReference; explicitFileType = wrapper.cfbundle; includeInIndex = 0; path = "calendar assistantTests.xctest"; sourceTree = BUILT_PRODUCTS_DIR; };
		762D339C2BF527A300B34DB7 /* calendar_assistantTests.swift */ = {isa = PBXFileReference; lastKnownFileType = sourcecode.swift; path = calendar_assistantTests.swift; sourceTree = "<group>"; };
		762D33A22BF527A300B34DB7 /* calendar assistantUITests.xctest */ = {isa = PBXFileReference; explicitFileType = wrapper.cfbundle; includeInIndex = 0; path = "calendar assistantUITests.xctest"; sourceTree = BUILT_PRODUCTS_DIR; };
		762D33A62BF527A300B34DB7 /* calendar_assistantUITests.swift */ = {isa = PBXFileReference; lastKnownFileType = sourcecode.swift; path = calendar_assistantUITests.swift; sourceTree = "<group>"; };
		762D33A82BF527A300B34DB7 /* calendar_assistantUITestsLaunchTests.swift */ = {isa = PBXFileReference; lastKnownFileType = sourcecode.swift; path = calendar_assistantUITestsLaunchTests.swift; sourceTree = "<group>"; };
		762D33B52BF558E100B34DB7 /* HomeView.swift */ = {isa = PBXFileReference; lastKnownFileType = sourcecode.swift; path = HomeView.swift; sourceTree = "<group>"; };
		762D33B72BF5590D00B34DB7 /* CalendarListView.swift */ = {isa = PBXFileReference; lastKnownFileType = sourcecode.swift; path = CalendarListView.swift; sourceTree = "<group>"; };
		762D33BC2BF55B3E00B34DB7 /* CodeDataStack.swift */ = {isa = PBXFileReference; lastKnownFileType = sourcecode.swift; path = CodeDataStack.swift; sourceTree = "<group>"; };
		762D33C62BF5603600B34DB7 /* DataModel.xcdatamodel */ = {isa = PBXFileReference; lastKnownFileType = wrapper.xcdatamodel; path = DataModel.xcdatamodel; sourceTree = "<group>"; };
		762D33CC2BF5633300B34DB7 /* AnniversaryViewModel.swift */ = {isa = PBXFileReference; lastKnownFileType = sourcecode.swift; path = AnniversaryViewModel.swift; sourceTree = "<group>"; };
		762D33CE2BF5643600B34DB7 /* AddAnniversaryView.swift */ = {isa = PBXFileReference; lastKnownFileType = sourcecode.swift; path = AddAnniversaryView.swift; sourceTree = "<group>"; };
		762D33D02BF5666600B34DB7 /* EventKitManager.swift */ = {isa = PBXFileReference; lastKnownFileType = sourcecode.swift; path = EventKitManager.swift; sourceTree = "<group>"; };
		762D33D22BF573F000B34DB7 /* CalendarView.swift */ = {isa = PBXFileReference; lastKnownFileType = sourcecode.swift; path = CalendarView.swift; sourceTree = "<group>"; };
/* End PBXFileReference section */

/* Begin PBXFrameworksBuildPhase section */
		762D33852BF527A200B34DB7 /* Frameworks */ = {
			isa = PBXFrameworksBuildPhase;
			buildActionMask = 2147483647;
			files = (
			);
			runOnlyForDeploymentPostprocessing = 0;
		};
		762D33952BF527A300B34DB7 /* Frameworks */ = {
			isa = PBXFrameworksBuildPhase;
			buildActionMask = 2147483647;
			files = (
			);
			runOnlyForDeploymentPostprocessing = 0;
		};
		762D339F2BF527A300B34DB7 /* Frameworks */ = {
			isa = PBXFrameworksBuildPhase;
			buildActionMask = 2147483647;
			files = (
			);
			runOnlyForDeploymentPostprocessing = 0;
		};
/* End PBXFrameworksBuildPhase section */

/* Begin PBXGroup section */
		762D337F2BF527A200B34DB7 = {
			isa = PBXGroup;
			children = (
				762D33C52BF5603600B34DB7 /* DataModel.xcdatamodeld */,
				762D338A2BF527A200B34DB7 /* calendar assistant */,
				762D339B2BF527A300B34DB7 /* calendar assistantTests */,
				762D33A52BF527A300B34DB7 /* calendar assistantUITests */,
				762D33892BF527A200B34DB7 /* Products */,
			);
			sourceTree = "<group>";
		};
		762D33892BF527A200B34DB7 /* Products */ = {
			isa = PBXGroup;
			children = (
				762D33882BF527A200B34DB7 /* calendar assistant.app */,
				762D33982BF527A300B34DB7 /* calendar assistantTests.xctest */,
				762D33A22BF527A300B34DB7 /* calendar assistantUITests.xctest */,
			);
			name = Products;
			sourceTree = "<group>";
		};
		762D338A2BF527A200B34DB7 /* calendar assistant */ = {
			isa = PBXGroup;
			children = (
				762D33D02BF5666600B34DB7 /* EventKitManager.swift */,
				762D338B2BF527A200B34DB7 /* calendar_assistantApp.swift */,
				762D338D2BF527A200B34DB7 /* ContentView.swift */,
				762D338F2BF527A300B34DB7 /* Assets.xcassets */,
				762D33912BF527A300B34DB7 /* Preview Content */,
				762D33B52BF558E100B34DB7 /* HomeView.swift */,
				762D33B72BF5590D00B34DB7 /* CalendarListView.swift */,
				762D33BC2BF55B3E00B34DB7 /* CodeDataStack.swift */,
				762D33CC2BF5633300B34DB7 /* AnniversaryViewModel.swift */,
				762D33CE2BF5643600B34DB7 /* AddAnniversaryView.swift */,
				762D33D22BF573F000B34DB7 /* CalendarView.swift */,
			);
			path = "calendar assistant";
			sourceTree = "<group>";
		};
		762D33912BF527A300B34DB7 /* Preview Content */ = {
			isa = PBXGroup;
			children = (
				762D33922BF527A300B34DB7 /* Preview Assets.xcassets */,
			);
			path = "Preview Content";
			sourceTree = "<group>";
		};
		762D339B2BF527A300B34DB7 /* calendar assistantTests */ = {
			isa = PBXGroup;
			children = (
				762D339C2BF527A300B34DB7 /* calendar_assistantTests.swift */,
			);
			path = "calendar assistantTests";
			sourceTree = "<group>";
		};
		762D33A52BF527A300B34DB7 /* calendar assistantUITests */ = {
			isa = PBXGroup;
			children = (
				762D33A62BF527A300B34DB7 /* calendar_assistantUITests.swift */,
				762D33A82BF527A300B34DB7 /* calendar_assistantUITestsLaunchTests.swift */,
			);
			path = "calendar assistantUITests";
			sourceTree = "<group>";
		};
/* End PBXGroup section */

/* Begin PBXNativeTarget section */
		762D33872BF527A200B34DB7 /* calendar assistant */ = {
			isa = PBXNativeTarget;
			buildConfigurationList = 762D33AC2BF527A300B34DB7 /* Build configuration list for PBXNativeTarget "calendar assistant" */;
			buildPhases = (
				762D33842BF527A200B34DB7 /* Sources */,
				762D33852BF527A200B34DB7 /* Frameworks */,
				762D33862BF527A200B34DB7 /* Resources */,
			);
			buildRules = (
			);
			dependencies = (
			);
			name = "calendar assistant";
			productName = "calendar assistant";
			productReference = 762D33882BF527A200B34DB7 /* calendar assistant.app */;
			productType = "com.apple.product-type.application";
		};
		762D33972BF527A300B34DB7 /* calendar assistantTests */ = {
			isa = PBXNativeTarget;
			buildConfigurationList = 762D33AF2BF527A300B34DB7 /* Build configuration list for PBXNativeTarget "calendar assistantTests" */;
			buildPhases = (
				762D33942BF527A300B34DB7 /* Sources */,
				762D33952BF527A300B34DB7 /* Frameworks */,
				762D33962BF527A300B34DB7 /* Resources */,
			);
			buildRules = (
			);
			dependencies = (
				762D339A2BF527A300B34DB7 /* PBXTargetDependency */,
			);
			name = "calendar assistantTests";
			productName = "calendar assistantTests";
			productReference = 762D33982BF527A300B34DB7 /* calendar assistantTests.xctest */;
			productType = "com.apple.product-type.bundle.unit-test";
		};
		762D33A12BF527A300B34DB7 /* calendar assistantUITests */ = {
			isa = PBXNativeTarget;
			buildConfigurationList = 762D33B22BF527A300B34DB7 /* Build configuration list for PBXNativeTarget "calendar assistantUITests" */;
			buildPhases = (
				762D339E2BF527A300B34DB7 /* Sources */,
				762D339F2BF527A300B34DB7 /* Frameworks */,
				762D33A02BF527A300B34DB7 /* Resources */,
			);
			buildRules = (
			);
			dependencies = (
				762D33A42BF527A300B34DB7 /* PBXTargetDependency */,
			);
			name = "calendar assistantUITests";
			productName = "calendar assistantUITests";
			productReference = 762D33A22BF527A300B34DB7 /* calendar assistantUITests.xctest */;
			productType = "com.apple.product-type.bundle.ui-testing";
		};
/* End PBXNativeTarget section */

/* Begin PBXProject section */
		762D33802BF527A200B34DB7 /* Project object */ = {
			isa = PBXProject;
			attributes = {
				BuildIndependentTargetsInParallel = 1;
				LastSwiftUpdateCheck = 1540;
				LastUpgradeCheck = 1540;
				TargetAttributes = {
					762D33872BF527A200B34DB7 = {
						CreatedOnToolsVersion = 15.4;
					};
					762D33972BF527A300B34DB7 = {
						CreatedOnToolsVersion = 15.4;
						TestTargetID = 762D33872BF527A200B34DB7;
					};
					762D33A12BF527A300B34DB7 = {
						CreatedOnToolsVersion = 15.4;
						TestTargetID = 762D33872BF527A200B34DB7;
					};
				};
			};
			buildConfigurationList = 762D33832BF527A200B34DB7 /* Build configuration list for PBXProject "calendar assistant" */;
			compatibilityVersion = "Xcode 14.0";
			developmentRegion = en;
			hasScannedForEncodings = 0;
			knownRegions = (
				en,
				Base,
			);
			mainGroup = 762D337F2BF527A200B34DB7;
			productRefGroup = 762D33892BF527A200B34DB7 /* Products */;
			projectDirPath = "";
			projectRoot = "";
			targets = (
				762D33872BF527A200B34DB7 /* calendar assistant */,
				762D33972BF527A300B34DB7 /* calendar assistantTests */,
				762D33A12BF527A300B34DB7 /* calendar assistantUITests */,
			);
		};
/* End PBXProject section */

/* Begin PBXResourcesBuildPhase section */
		762D33862BF527A200B34DB7 /* Resources */ = {
			isa = PBXResourcesBuildPhase;
			buildActionMask = 2147483647;
			files = (
				762D33932BF527A300B34DB7 /* Preview Assets.xcassets in Resources */,
				762D33902BF527A300B34DB7 /* Assets.xcassets in Resources */,
			);
			runOnlyForDeploymentPostprocessing = 0;
		};
		762D33962BF527A300B34DB7 /* Resources */ = {
			isa = PBXResourcesBuildPhase;
			buildActionMask = 2147483647;
			files = (
			);
			runOnlyForDeploymentPostprocessing = 0;
		};
		762D33A02BF527A300B34DB7 /* Resources */ = {
			isa = PBXResourcesBuildPhase;
			buildActionMask = 2147483647;
			files = (
			);
			runOnlyForDeploymentPostprocessing = 0;
		};
/* End PBXResourcesBuildPhase section */

/* Begin PBXSourcesBuildPhase section */
		762D33842BF527A200B34DB7 /* Sources */ = {
			isa = PBXSourcesBuildPhase;
			buildActionMask = 2147483647;
			files = (
				762D33B62BF558E100B34DB7 /* HomeView.swift in Sources */,
				762D33D12BF5666600B34DB7 /* EventKitManager.swift in Sources */,
				762D33CF2BF5643600B34DB7 /* AddAnniversaryView.swift in Sources */,
				762D33C72BF5603600B34DB7 /* DataModel.xcdatamodeld in Sources */,
				762D33D32BF573F000B34DB7 /* CalendarView.swift in Sources */,
				762D33CD2BF5633300B34DB7 /* AnniversaryViewModel.swift in Sources */,
				762D33BD2BF55B3E00B34DB7 /* CodeDataStack.swift in Sources */,
				762D338E2BF527A200B34DB7 /* ContentView.swift in Sources */,
				762D33B82BF5590D00B34DB7 /* CalendarListView.swift in Sources */,
				762D338C2BF527A200B34DB7 /* calendar_assistantApp.swift in Sources */,
			);
			runOnlyForDeploymentPostprocessing = 0;
		};
		762D33942BF527A300B34DB7 /* Sources */ = {
			isa = PBXSourcesBuildPhase;
			buildActionMask = 2147483647;
			files = (
				762D339D2BF527A300B34DB7 /* calendar_assistantTests.swift in Sources */,
			);
			runOnlyForDeploymentPostprocessing = 0;
		};
		762D339E2BF527A300B34DB7 /* Sources */ = {
			isa = PBXSourcesBuildPhase;
			buildActionMask = 2147483647;
			files = (
				762D33A72BF527A300B34DB7 /* calendar_assistantUITests.swift in Sources */,
				762D33A92BF527A300B34DB7 /* calendar_assistantUITestsLaunchTests.swift in Sources */,
			);
			runOnlyForDeploymentPostprocessing = 0;
		};
/* End PBXSourcesBuildPhase section */

/* Begin PBXTargetDependency section */
		762D339A2BF527A300B34DB7 /* PBXTargetDependency */ = {
			isa = PBXTargetDependency;
			target = 762D33872BF527A200B34DB7 /* calendar assistant */;
			targetProxy = 762D33992BF527A300B34DB7 /* PBXContainerItemProxy */;
		};
		762D33A42BF527A300B34DB7 /* PBXTargetDependency */ = {
			isa = PBXTargetDependency;
			target = 762D33872BF527A200B34DB7 /* calendar assistant */;
			targetProxy = 762D33A32BF527A300B34DB7 /* PBXContainerItemProxy */;
		};
/* End PBXTargetDependency section */

/* Begin XCBuildConfiguration section */
		762D33AA2BF527A300B34DB7 /* Debug */ = {
			isa = XCBuildConfiguration;
			buildSettings = {
				ALWAYS_SEARCH_USER_PATHS = NO;
				ASSETCATALOG_COMPILER_GENERATE_SWIFT_ASSET_SYMBOL_EXTENSIONS = YES;
				CLANG_ANALYZER_NONNULL = YES;
				CLANG_ANALYZER_NUMBER_OBJECT_CONVERSION = YES_AGGRESSIVE;
				CLANG_CXX_LANGUAGE_STANDARD = "gnu++20";
				CLANG_ENABLE_MODULES = YES;
				CLANG_ENABLE_OBJC_ARC = YES;
				CLANG_ENABLE_OBJC_WEAK = YES;
				CLANG_WARN_BLOCK_CAPTURE_AUTORELEASING = YES;
				CLANG_WARN_BOOL_CONVERSION = YES;
				CLANG_WARN_COMMA = YES;
				CLANG_WARN_CONSTANT_CONVERSION = YES;
				CLANG_WARN_DEPRECATED_OBJC_IMPLEMENTATIONS = YES;
				CLANG_WARN_DIRECT_OBJC_ISA_USAGE = YES_ERROR;
				CLANG_WARN_DOCUMENTATION_COMMENTS = YES;
				CLANG_WARN_EMPTY_BODY = YES;
				CLANG_WARN_ENUM_CONVERSION = YES;
				CLANG_WARN_INFINITE_RECURSION = YES;
				CLANG_WARN_INT_CONVERSION = YES;
				CLANG_WARN_NON_LITERAL_NULL_CONVERSION = YES;
				CLANG_WARN_OBJC_IMPLICIT_RETAIN_SELF = YES;
				CLANG_WARN_OBJC_LITERAL_CONVERSION = YES;
				CLANG_WARN_OBJC_ROOT_CLASS = YES_ERROR;
				CLANG_WARN_QUOTED_INCLUDE_IN_FRAMEWORK_HEADER = YES;
				CLANG_WARN_RANGE_LOOP_ANALYSIS = YES;
				CLANG_WARN_STRICT_PROTOTYPES = YES;
				CLANG_WARN_SUSPICIOUS_MOVE = YES;
				CLANG_WARN_UNGUARDED_AVAILABILITY = YES_AGGRESSIVE;
				CLANG_WARN_UNREACHABLE_CODE = YES;
				CLANG_WARN__DUPLICATE_METHOD_MATCH = YES;
				COPY_PHASE_STRIP = NO;
				DEBUG_INFORMATION_FORMAT = dwarf;
				ENABLE_STRICT_OBJC_MSGSEND = YES;
				ENABLE_TESTABILITY = YES;
				ENABLE_USER_SCRIPT_SANDBOXING = YES;
				GCC_C_LANGUAGE_STANDARD = gnu17;
				GCC_DYNAMIC_NO_PIC = NO;
				GCC_NO_COMMON_BLOCKS = YES;
				GCC_OPTIMIZATION_LEVEL = 0;
				GCC_PREPROCESSOR_DEFINITIONS = (
					"DEBUG=1",
					"$(inherited)",
				);
				GCC_WARN_64_TO_32_BIT_CONVERSION = YES;
				GCC_WARN_ABOUT_RETURN_TYPE = YES_ERROR;
				GCC_WARN_UNDECLARED_SELECTOR = YES;
				GCC_WARN_UNINITIALIZED_AUTOS = YES_AGGRESSIVE;
				GCC_WARN_UNUSED_FUNCTION = YES;
				GCC_WARN_UNUSED_VARIABLE = YES;
				IPHONEOS_DEPLOYMENT_TARGET = 17.5;
				LOCALIZATION_PREFERS_STRING_CATALOGS = YES;
				MTL_ENABLE_DEBUG_INFO = INCLUDE_SOURCE;
				MTL_FAST_MATH = YES;
				ONLY_ACTIVE_ARCH = YES;
				SDKROOT = iphoneos;
				SWIFT_ACTIVE_COMPILATION_CONDITIONS = "DEBUG $(inherited)";
				SWIFT_OPTIMIZATION_LEVEL = "-Onone";
			};
			name = Debug;
		};
		762D33AB2BF527A300B34DB7 /* Release */ = {
			isa = XCBuildConfiguration;
			buildSettings = {
				ALWAYS_SEARCH_USER_PATHS = NO;
				ASSETCATALOG_COMPILER_GENERATE_SWIFT_ASSET_SYMBOL_EXTENSIONS = YES;
				CLANG_ANALYZER_NONNULL = YES;
				CLANG_ANALYZER_NUMBER_OBJECT_CONVERSION = YES_AGGRESSIVE;
				CLANG_CXX_LANGUAGE_STANDARD = "gnu++20";
				CLANG_ENABLE_MODULES = YES;
				CLANG_ENABLE_OBJC_ARC = YES;
				CLANG_ENABLE_OBJC_WEAK = YES;
				CLANG_WARN_BLOCK_CAPTURE_AUTORELEASING = YES;
				CLANG_WARN_BOOL_CONVERSION = YES;
				CLANG_WARN_COMMA = YES;
				CLANG_WARN_CONSTANT_CONVERSION = YES;
				CLANG_WARN_DEPRECATED_OBJC_IMPLEMENTATIONS = YES;
				CLANG_WARN_DIRECT_OBJC_ISA_USAGE = YES_ERROR;
				CLANG_WARN_DOCUMENTATION_COMMENTS = YES;
				CLANG_WARN_EMPTY_BODY = YES;
				CLANG_WARN_ENUM_CONVERSION = YES;
				CLANG_WARN_INFINITE_RECURSION = YES;
				CLANG_WARN_INT_CONVERSION = YES;
				CLANG_WARN_NON_LITERAL_NULL_CONVERSION = YES;
				CLANG_WARN_OBJC_IMPLICIT_RETAIN_SELF = YES;
				CLANG_WARN_OBJC_LITERAL_CONVERSION = YES;
				CLANG_WARN_OBJC_ROOT_CLASS = YES_ERROR;
				CLANG_WARN_QUOTED_INCLUDE_IN_FRAMEWORK_HEADER = YES;
				CLANG_WARN_RANGE_LOOP_ANALYSIS = YES;
				CLANG_WARN_STRICT_PROTOTYPES = YES;
				CLANG_WARN_SUSPICIOUS_MOVE = YES;
				CLANG_WARN_UNGUARDED_AVAILABILITY = YES_AGGRESSIVE;
				CLANG_WARN_UNREACHABLE_CODE = YES;
				CLANG_WARN__DUPLICATE_METHOD_MATCH = YES;
				COPY_PHASE_STRIP = NO;
				DEBUG_INFORMATION_FORMAT = "dwarf-with-dsym";
				ENABLE_NS_ASSERTIONS = NO;
				ENABLE_STRICT_OBJC_MSGSEND = YES;
				ENABLE_USER_SCRIPT_SANDBOXING = YES;
				GCC_C_LANGUAGE_STANDARD = gnu17;
				GCC_NO_COMMON_BLOCKS = YES;
				GCC_WARN_64_TO_32_BIT_CONVERSION = YES;
				GCC_WARN_ABOUT_RETURN_TYPE = YES_ERROR;
				GCC_WARN_UNDECLARED_SELECTOR = YES;
				GCC_WARN_UNINITIALIZED_AUTOS = YES_AGGRESSIVE;
				GCC_WARN_UNUSED_FUNCTION = YES;
				GCC_WARN_UNUSED_VARIABLE = YES;
				IPHONEOS_DEPLOYMENT_TARGET = 17.5;
				LOCALIZATION_PREFERS_STRING_CATALOGS = YES;
				MTL_ENABLE_DEBUG_INFO = NO;
				MTL_FAST_MATH = YES;
				SDKROOT = iphoneos;
				SWIFT_COMPILATION_MODE = wholemodule;
				VALIDATE_PRODUCT = YES;
			};
			name = Release;
		};
		762D33AD2BF527A300B34DB7 /* Debug */ = {
			isa = XCBuildConfiguration;
			buildSettings = {
				ASSETCATALOG_COMPILER_APPICON_NAME = AppIcon;
				ASSETCATALOG_COMPILER_GLOBAL_ACCENT_COLOR_NAME = AccentColor;
				CODE_SIGN_STYLE = Automatic;
				CURRENT_PROJECT_VERSION = 1;
				DEVELOPMENT_ASSET_PATHS = "\"calendar assistant/Preview Content\"";
				DEVELOPMENT_TEAM = 483P65ZU63;
				ENABLE_PREVIEWS = YES;
				GENERATE_INFOPLIST_FILE = YES;
				INFOPLIST_KEY_UIApplicationSceneManifest_Generation = YES;
				INFOPLIST_KEY_UIApplicationSupportsIndirectInputEvents = YES;
				INFOPLIST_KEY_UILaunchScreen_Generation = YES;
				INFOPLIST_KEY_UISupportedInterfaceOrientations_iPad = "UIInterfaceOrientationPortrait UIInterfaceOrientationPortraitUpsideDown UIInterfaceOrientationLandscapeLeft UIInterfaceOrientationLandscapeRight";
				INFOPLIST_KEY_UISupportedInterfaceOrientations_iPhone = "UIInterfaceOrientationPortrait UIInterfaceOrientationLandscapeLeft UIInterfaceOrientationLandscapeRight";
				LD_RUNPATH_SEARCH_PATHS = (
					"$(inherited)",
					"@executable_path/Frameworks",
				);
				MARKETING_VERSION = 1.0;
				PRODUCT_BUNDLE_IDENTIFIER = "SelfProjects.calendar-assistant";
				PRODUCT_NAME = "$(TARGET_NAME)";
				SWIFT_EMIT_LOC_STRINGS = YES;
				SWIFT_VERSION = 5.0;
				TARGETED_DEVICE_FAMILY = "1,2";
			};
			name = Debug;
		};
		762D33AE2BF527A300B34DB7 /* Release */ = {
			isa = XCBuildConfiguration;
			buildSettings = {
				ASSETCATALOG_COMPILER_APPICON_NAME = AppIcon;
				ASSETCATALOG_COMPILER_GLOBAL_ACCENT_COLOR_NAME = AccentColor;
				CODE_SIGN_STYLE = Automatic;
				CURRENT_PROJECT_VERSION = 1;
				DEVELOPMENT_ASSET_PATHS = "\"calendar assistant/Preview Content\"";
				DEVELOPMENT_TEAM = 483P65ZU63;
				ENABLE_PREVIEWS = YES;
				GENERATE_INFOPLIST_FILE = YES;
				INFOPLIST_KEY_UIApplicationSceneManifest_Generation = YES;
				INFOPLIST_KEY_UIApplicationSupportsIndirectInputEvents = YES;
				INFOPLIST_KEY_UILaunchScreen_Generation = YES;
				INFOPLIST_KEY_UISupportedInterfaceOrientations_iPad = "UIInterfaceOrientationPortrait UIInterfaceOrientationPortraitUpsideDown UIInterfaceOrientationLandscapeLeft UIInterfaceOrientationLandscapeRight";
				INFOPLIST_KEY_UISupportedInterfaceOrientations_iPhone = "UIInterfaceOrientationPortrait UIInterfaceOrientationLandscapeLeft UIInterfaceOrientationLandscapeRight";
				LD_RUNPATH_SEARCH_PATHS = (
					"$(inherited)",
					"@executable_path/Frameworks",
				);
				MARKETING_VERSION = 1.0;
				PRODUCT_BUNDLE_IDENTIFIER = "SelfProjects.calendar-assistant";
				PRODUCT_NAME = "$(TARGET_NAME)";
				SWIFT_EMIT_LOC_STRINGS = YES;
				SWIFT_VERSION = 5.0;
				TARGETED_DEVICE_FAMILY = "1,2";
			};
			name = Release;
		};
		762D33B02BF527A300B34DB7 /* Debug */ = {
			isa = XCBuildConfiguration;
			buildSettings = {
				ALWAYS_EMBED_SWIFT_STANDARD_LIBRARIES = YES;
				BUNDLE_LOADER = "$(TEST_HOST)";
				CODE_SIGN_STYLE = Automatic;
				CURRENT_PROJECT_VERSION = 1;
				DEVELOPMENT_TEAM = 483P65ZU63;
				GENERATE_INFOPLIST_FILE = YES;
				IPHONEOS_DEPLOYMENT_TARGET = 17.5;
				MARKETING_VERSION = 1.0;
				PRODUCT_BUNDLE_IDENTIFIER = "SelfProjects.calendar-assistantTests";
				PRODUCT_NAME = "$(TARGET_NAME)";
				SWIFT_EMIT_LOC_STRINGS = NO;
				SWIFT_VERSION = 5.0;
				TARGETED_DEVICE_FAMILY = "1,2";
				TEST_HOST = "$(BUILT_PRODUCTS_DIR)/calendar assistant.app/$(BUNDLE_EXECUTABLE_FOLDER_PATH)/calendar assistant";
			};
			name = Debug;
		};
		762D33B12BF527A300B34DB7 /* Release */ = {
			isa = XCBuildConfiguration;
			buildSettings = {
				ALWAYS_EMBED_SWIFT_STANDARD_LIBRARIES = YES;
				BUNDLE_LOADER = "$(TEST_HOST)";
				CODE_SIGN_STYLE = Automatic;
				CURRENT_PROJECT_VERSION = 1;
				DEVELOPMENT_TEAM = 483P65ZU63;
				GENERATE_INFOPLIST_FILE = YES;
				IPHONEOS_DEPLOYMENT_TARGET = 17.5;
				MARKETING_VERSION = 1.0;
				PRODUCT_BUNDLE_IDENTIFIER = "SelfProjects.calendar-assistantTests";
				PRODUCT_NAME = "$(TARGET_NAME)";
				SWIFT_EMIT_LOC_STRINGS = NO;
				SWIFT_VERSION = 5.0;
				TARGETED_DEVICE_FAMILY = "1,2";
				TEST_HOST = "$(BUILT_PRODUCTS_DIR)/calendar assistant.app/$(BUNDLE_EXECUTABLE_FOLDER_PATH)/calendar assistant";
			};
			name = Release;
		};
		762D33B32BF527A300B34DB7 /* Debug */ = {
			isa = XCBuildConfiguration;
			buildSettings = {
				ALWAYS_EMBED_SWIFT_STANDARD_LIBRARIES = YES;
				CODE_SIGN_STYLE = Automatic;
				CURRENT_PROJECT_VERSION = 1;
				DEVELOPMENT_TEAM = 483P65ZU63;
				GENERATE_INFOPLIST_FILE = YES;
				MARKETING_VERSION = 1.0;
				PRODUCT_BUNDLE_IDENTIFIER = "SelfProjects.calendar-assistantUITests";
				PRODUCT_NAME = "$(TARGET_NAME)";
				SWIFT_EMIT_LOC_STRINGS = NO;
				SWIFT_VERSION = 5.0;
				TARGETED_DEVICE_FAMILY = "1,2";
				TEST_TARGET_NAME = "calendar assistant";
			};
			name = Debug;
		};
		762D33B42BF527A300B34DB7 /* Release */ = {
			isa = XCBuildConfiguration;
			buildSettings = {
				ALWAYS_EMBED_SWIFT_STANDARD_LIBRARIES = YES;
				CODE_SIGN_STYLE = Automatic;
				CURRENT_PROJECT_VERSION = 1;
				DEVELOPMENT_TEAM = 483P65ZU63;
				GENERATE_INFOPLIST_FILE = YES;
				MARKETING_VERSION = 1.0;
				PRODUCT_BUNDLE_IDENTIFIER = "SelfProjects.calendar-assistantUITests";
				PRODUCT_NAME = "$(TARGET_NAME)";
				SWIFT_EMIT_LOC_STRINGS = NO;
				SWIFT_VERSION = 5.0;
				TARGETED_DEVICE_FAMILY = "1,2";
				TEST_TARGET_NAME = "calendar assistant";
			};
			name = Release;
		};
/* End XCBuildConfiguration section */

/* Begin XCConfigurationList section */
		762D33832BF527A200B34DB7 /* Build configuration list for PBXProject "calendar assistant" */ = {
			isa = XCConfigurationList;
			buildConfigurations = (
				762D33AA2BF527A300B34DB7 /* Debug */,
				762D33AB2BF527A300B34DB7 /* Release */,
			);
			defaultConfigurationIsVisible = 0;
			defaultConfigurationName = Release;
		};
		762D33AC2BF527A300B34DB7 /* Build configuration list for PBXNativeTarget "calendar assistant" */ = {
			isa = XCConfigurationList;
			buildConfigurations = (
				762D33AD2BF527A300B34DB7 /* Debug */,
				762D33AE2BF527A300B34DB7 /* Release */,
			);
			defaultConfigurationIsVisible = 0;
			defaultConfigurationName = Release;
		};
		762D33AF2BF527A300B34DB7 /* Build configuration list for PBXNativeTarget "calendar assistantTests" */ = {
			isa = XCConfigurationList;
			buildConfigurations = (
				762D33B02BF527A300B34DB7 /* Debug */,
				762D33B12BF527A300B34DB7 /* Release */,
			);
			defaultConfigurationIsVisible = 0;
			defaultConfigurationName = Release;
		};
		762D33B22BF527A300B34DB7 /* Build configuration list for PBXNativeTarget "calendar assistantUITests" */ = {
			isa = XCConfigurationList;
			buildConfigurations = (
				762D33B32BF527A300B34DB7 /* Debug */,
				762D33B42BF527A300B34DB7 /* Release */,
			);
			defaultConfigurationIsVisible = 0;
			defaultConfigurationName = Release;
		};
/* End XCConfigurationList section */

/* Begin XCVersionGroup section */
		762D33C52BF5603600B34DB7 /* DataModel.xcdatamodeld */ = {
			isa = XCVersionGroup;
			children = (
				762D33C62BF5603600B34DB7 /* DataModel.xcdatamodel */,
			);
			currentVersion = 762D33C62BF5603600B34DB7 /* DataModel.xcdatamodel */;
			name = DataModel.xcdatamodeld;
			path = "/Users/wangdengyuan/Desktop/mobile app selflearning/calendar assistant/calendar assistant/DataModel.xcdatamodeld";
			sourceTree = "<group>";
			versionGroupType = wrapper.xcdatamodel;
		};
/* End XCVersionGroup section */
	};
	rootObject = 762D33802BF527A200B34DB7 /* Project object */;
}
